
Microsoft Visual Studio Solution File, Format Version 12.00
# Visual Studio 15
VisualStudioVersion = 15.0.27703.2018
MinimumVisualStudioVersion = 10.0.40219.1
Project("{FAE04EC0-301F-11D3-BF4B-00C04F79EFBC}") = "numbers1", "numbers1\numbers1.csproj", "{9D72A7F7-CF5E-485B-961A-451E9BA079FD}"
EndProject
Global
	GlobalSection(SolutionConfigurationPlatforms) = preSolution
		Debug|Any CPU = Debug|Any CPU
		Release|Any CPU = Release|Any CPU
	EndGlobalSection
	GlobalSection(ProjectConfigurationPlatforms) = postSolution
		{9D72A7F7-CF5E-485B-961A-451E9BA079FD}.Debug|Any CPU.ActiveCfg = Debug|Any CPU
		{9D72A7F7-CF5E-485B-961A-451E9BA079FD}.Debug|Any CPU.Build.0 = Debug|Any CPU
		{9D72A7F7-CF5E-485B-961A-451E9BA079FD}.Release|Any CPU.ActiveCfg = Release|Any CPU
		{9D72A7F7-CF5E-485B-961A-451E9BA079FD}.Release|Any CPU.Build.0 = Release|Any CPU
	EndGlobalSection
	GlobalSection(SolutionProperties) = preSolution
		HideSolutionNode = FALSE
	EndGlobalSection
	GlobalSection(ExtensibilityGlobals) = postSolution
		SolutionGuid = {F2327994-EB16-462C-A68A-7DFF2482153D}
	EndGlobalSection
EndGlobal
